
Microsoft Visual Studio Solution File, Format Version 12.00
# Visual Studio 15
Project("{FAE04EC0-301F-11D3-BF4B-00C04F79EFBC}") = "AulaMVC", "AulaMVC\AulaMVC.csproj", "{DAD636F7-B520-4B5A-8A73-C8F7E7ED4C23}"
EndProject
Global
	GlobalSection(SolutionConfigurationPlatforms) = preSolution
		Debug|Any CPU = Debug|Any CPU
		Release|Any CPU = Release|Any CPU
	EndGlobalSection
	GlobalSection(ProjectConfigurationPlatforms) = postSolution
		{DAD636F7-B520-4B5A-8A73-C8F7E7ED4C23}.Debug|Any CPU.ActiveCfg = Debug|Any CPU
		{DAD636F7-B520-4B5A-8A73-C8F7E7ED4C23}.Debug|Any CPU.Build.0 = Debug|Any CPU
		{DAD636F7-B520-4B5A-8A73-C8F7E7ED4C23}.Release|Any CPU.ActiveCfg = Release|Any CPU
		{DAD636F7-B520-4B5A-8A73-C8F7E7ED4C23}.Release|Any CPU.Build.0 = Release|Any CPU
	EndGlobalSection
EndGlobal
